
Microsoft Visual Studio Solution File, Format Version 12.00
# Visual Studio Version 17
VisualStudioVersion = 17.9.34723.18
MinimumVisualStudioVersion = 10.0.40219.1
Project("{9A19103F-16F7-4668-BE54-9A1E7A4F7556}") = "TaskHiveAPI", "TaskHiveAPI\TaskHiveAPI.csproj", "{3525D79F-1EF9-4EF5-9DAF-A82AC6FDBC02}"
EndProject
Project("{2150E333-8FDC-42A3-9474-1A3956D46DE8}") = "Entities", "Entities", "{E2A7D034-361F-4997-B02F-CAD6036ED114}"
EndProject
Project("{9A19103F-16F7-4668-BE54-9A1E7A4F7556}") = "Entities", "Entities\Entities.csproj", "{87CE97BE-D8CE-4DF9-9FA9-4B42B2D2449B}"
EndProject
Project("{2150E333-8FDC-42A3-9474-1A3956D46DE8}") = "Data", "Data", "{DC12644F-C95A-4DD9-B811-D066236A6FE2}"
EndProject
Project("{FAE04EC0-301F-11D3-BF4B-00C04F79EFBC}") = "Data", "Data\Data.csproj", "{C37C9A41-9885-4DF0-8A23-D8AEB0B49355}"
EndProject
Global
	GlobalSection(SolutionConfigurationPlatforms) = preSolution
		Debug|Any CPU = Debug|Any CPU
		Release|Any CPU = Release|Any CPU
	EndGlobalSection
	GlobalSection(ProjectConfigurationPlatforms) = postSolution
		{3525D79F-1EF9-4EF5-9DAF-A82AC6FDBC02}.Debug|Any CPU.ActiveCfg = Debug|Any CPU
		{3525D79F-1EF9-4EF5-9DAF-A82AC6FDBC02}.Debug|Any CPU.Build.0 = Debug|Any CPU
		{3525D79F-1EF9-4EF5-9DAF-A82AC6FDBC02}.Release|Any CPU.ActiveCfg = Release|Any CPU
		{3525D79F-1EF9-4EF5-9DAF-A82AC6FDBC02}.Release|Any CPU.Build.0 = Release|Any CPU
		{87CE97BE-D8CE-4DF9-9FA9-4B42B2D2449B}.Debug|Any CPU.ActiveCfg = Debug|Any CPU
		{87CE97BE-D8CE-4DF9-9FA9-4B42B2D2449B}.Debug|Any CPU.Build.0 = Debug|Any CPU
		{87CE97BE-D8CE-4DF9-9FA9-4B42B2D2449B}.Release|Any CPU.ActiveCfg = Release|Any CPU
		{87CE97BE-D8CE-4DF9-9FA9-4B42B2D2449B}.Release|Any CPU.Build.0 = Release|Any CPU
		{C37C9A41-9885-4DF0-8A23-D8AEB0B49355}.Debug|Any CPU.ActiveCfg = Debug|Any CPU
		{C37C9A41-9885-4DF0-8A23-D8AEB0B49355}.Debug|Any CPU.Build.0 = Debug|Any CPU
		{C37C9A41-9885-4DF0-8A23-D8AEB0B49355}.Release|Any CPU.ActiveCfg = Release|Any CPU
		{C37C9A41-9885-4DF0-8A23-D8AEB0B49355}.Release|Any CPU.Build.0 = Release|Any CPU
	EndGlobalSection
	GlobalSection(SolutionProperties) = preSolution
		HideSolutionNode = FALSE
	EndGlobalSection
	GlobalSection(NestedProjects) = preSolution
		{87CE97BE-D8CE-4DF9-9FA9-4B42B2D2449B} = {E2A7D034-361F-4997-B02F-CAD6036ED114}
		{C37C9A41-9885-4DF0-8A23-D8AEB0B49355} = {DC12644F-C95A-4DD9-B811-D066236A6FE2}
	EndGlobalSection
	GlobalSection(ExtensibilityGlobals) = postSolution
		SolutionGuid = {4910B7F3-59EE-4817-95C8-E33B2333743B}
	EndGlobalSection
EndGlobal
